
Microsoft Visual Studio Solution File, Format Version 12.00
# Visual Studio Version 17
VisualStudioVersion = 17.14.36109.1 d17.14
MinimumVisualStudioVersion = 10.0.40219.1
Project("{FAE04EC0-301F-11D3-BF4B-00C04F79EFBC}") = "Diplom(F2)", "Diplom(F2)\Diplom(F2).csproj", "{882A1C3E-7AC4-4C47-AAF8-FD12E14A199D}"
EndProject
Global
	GlobalSection(SolutionConfigurationPlatforms) = preSolution
		Debug|Any CPU = Debug|Any CPU
		Release|Any CPU = Release|Any CPU
	EndGlobalSection
	GlobalSection(ProjectConfigurationPlatforms) = postSolution
		{882A1C3E-7AC4-4C47-AAF8-FD12E14A199D}.Debug|Any CPU.ActiveCfg = Debug|Any CPU
		{882A1C3E-7AC4-4C47-AAF8-FD12E14A199D}.Debug|Any CPU.Build.0 = Debug|Any CPU
		{882A1C3E-7AC4-4C47-AAF8-FD12E14A199D}.Release|Any CPU.ActiveCfg = Release|Any CPU
		{882A1C3E-7AC4-4C47-AAF8-FD12E14A199D}.Release|Any CPU.Build.0 = Release|Any CPU
	EndGlobalSection
	GlobalSection(SolutionProperties) = preSolution
		HideSolutionNode = FALSE
	EndGlobalSection
	GlobalSection(ExtensibilityGlobals) = postSolution
		SolutionGuid = {6B1B2E38-2CFA-4C49-B2A0-4E22DCCD6040}
	EndGlobalSection
EndGlobal
